
Microsoft Visual Studio Solution File, Format Version 12.00
Project("{FAE04EC0-301F-11D3-BF4B-00C04F79EFBC}") = "RoboGuidanceSystem", "Sources\RoboGuidanceSystem\RoboGuidanceSystem.csproj", "{E5C6D0DE-CA18-4E21-829D-21BDB9674A7F}"
EndProject
Project("{FAE04EC0-301F-11D3-BF4B-00C04F79EFBC}") = "UArmSDK", "Sources\UArmSDK\UArmSDK.csproj", "{C463E67B-667D-47D6-9993-BDD65A9853E5}"
EndProject
Project("{FAE04EC0-301F-11D3-BF4B-00C04F79EFBC}") = "SdkSample", "Samples\SdkSample\SdkSample.csproj", "{499B5979-36B4-47E3-B781-13DA65651382}"
EndProject
Project("{2150E333-8FDC-42A3-9474-1A3956D46DE8}") = "Sources", "Sources", "{629AC6B3-D509-4AE8-88C6-7BA1823112EE}"
EndProject
Project("{2150E333-8FDC-42A3-9474-1A3956D46DE8}") = "Samples", "Samples", "{E25ED518-91FF-47EC-8EC5-BE9D32B03972}"
EndProject
Global
	GlobalSection(SolutionConfigurationPlatforms) = preSolution
		Debug|Any CPU = Debug|Any CPU
		Release|Any CPU = Release|Any CPU
	EndGlobalSection
	GlobalSection(ProjectConfigurationPlatforms) = postSolution
		{E5C6D0DE-CA18-4E21-829D-21BDB9674A7F}.Debug|Any CPU.ActiveCfg = Debug|Any CPU
		{E5C6D0DE-CA18-4E21-829D-21BDB9674A7F}.Debug|Any CPU.Build.0 = Debug|Any CPU
		{E5C6D0DE-CA18-4E21-829D-21BDB9674A7F}.Release|Any CPU.ActiveCfg = Release|Any CPU
		{E5C6D0DE-CA18-4E21-829D-21BDB9674A7F}.Release|Any CPU.Build.0 = Release|Any CPU
		{C463E67B-667D-47D6-9993-BDD65A9853E5}.Debug|Any CPU.ActiveCfg = Debug|Any CPU
		{C463E67B-667D-47D6-9993-BDD65A9853E5}.Debug|Any CPU.Build.0 = Debug|Any CPU
		{C463E67B-667D-47D6-9993-BDD65A9853E5}.Release|Any CPU.ActiveCfg = Release|Any CPU
		{C463E67B-667D-47D6-9993-BDD65A9853E5}.Release|Any CPU.Build.0 = Release|Any CPU
		{499B5979-36B4-47E3-B781-13DA65651382}.Debug|Any CPU.ActiveCfg = Debug|Any CPU
		{499B5979-36B4-47E3-B781-13DA65651382}.Debug|Any CPU.Build.0 = Debug|Any CPU
		{499B5979-36B4-47E3-B781-13DA65651382}.Release|Any CPU.ActiveCfg = Release|Any CPU
		{499B5979-36B4-47E3-B781-13DA65651382}.Release|Any CPU.Build.0 = Release|Any CPU
	EndGlobalSection
	GlobalSection(NestedProjects) = preSolution
		{E5C6D0DE-CA18-4E21-829D-21BDB9674A7F} = {629AC6B3-D509-4AE8-88C6-7BA1823112EE}
		{C463E67B-667D-47D6-9993-BDD65A9853E5} = {629AC6B3-D509-4AE8-88C6-7BA1823112EE}
		{499B5979-36B4-47E3-B781-13DA65651382} = {E25ED518-91FF-47EC-8EC5-BE9D32B03972}
	EndGlobalSection
EndGlobal
